
Microsoft Visual Studio Solution File, Format Version 12.00
# Visual Studio Version 16
VisualStudioVersion = 16.0.810.5
MinimumVisualStudioVersion = 10.0.40219.1
Project("{FAE04EC0-301F-11D3-BF4B-00C04F79EFBC}") = "selamNaber", "selamNaber\selamNaber.csproj", "{56E2409B-BAAC-4CD7-BAB0-386B564E3684}"
EndProject
Global
	GlobalSection(SolutionConfigurationPlatforms) = preSolution
		Debug|Any CPU = Debug|Any CPU
		Release|Any CPU = Release|Any CPU
	EndGlobalSection
	GlobalSection(ProjectConfigurationPlatforms) = postSolution
		{56E2409B-BAAC-4CD7-BAB0-386B564E3684}.Debug|Any CPU.ActiveCfg = Debug|Any CPU
		{56E2409B-BAAC-4CD7-BAB0-386B564E3684}.Debug|Any CPU.Build.0 = Debug|Any CPU
		{56E2409B-BAAC-4CD7-BAB0-386B564E3684}.Release|Any CPU.ActiveCfg = Release|Any CPU
		{56E2409B-BAAC-4CD7-BAB0-386B564E3684}.Release|Any CPU.Build.0 = Release|Any CPU
	EndGlobalSection
	GlobalSection(SolutionProperties) = preSolution
		HideSolutionNode = FALSE
	EndGlobalSection
	GlobalSection(ExtensibilityGlobals) = postSolution
		SolutionGuid = {15968800-1065-4817-8B93-1B10316F89E8}
	EndGlobalSection
EndGlobal
